
Microsoft Visual Studio Solution File, Format Version 12.00
Project("{FAE04EC0-301F-11D3-BF4B-00C04F79EFBC}") = "Template", "src\Template\Template.csproj", "{AA75DB6C-F1E5-4133-8F7D-A3E879834349}"
EndProject
Project("{FAE04EC0-301F-11D3-BF4B-00C04F79EFBC}") = "Database", "src\Database\Database.csproj", "{52B32625-515A-404C-876F-7FB700E7A02C}"
EndProject
Project("{FAE04EC0-301F-11D3-BF4B-00C04F79EFBC}") = "Common", "src\Common\Common.csproj", "{218D76C0-47D8-4781-B0FA-ED41C7CE6867}"
EndProject
Global
	GlobalSection(SolutionConfigurationPlatforms) = preSolution
		Debug|Any CPU = Debug|Any CPU
		Release|Any CPU = Release|Any CPU
	EndGlobalSection
	GlobalSection(ProjectConfigurationPlatforms) = postSolution
		{AA75DB6C-F1E5-4133-8F7D-A3E879834349}.Debug|Any CPU.ActiveCfg = Debug|Any CPU
		{AA75DB6C-F1E5-4133-8F7D-A3E879834349}.Debug|Any CPU.Build.0 = Debug|Any CPU
		{AA75DB6C-F1E5-4133-8F7D-A3E879834349}.Release|Any CPU.ActiveCfg = Release|Any CPU
		{AA75DB6C-F1E5-4133-8F7D-A3E879834349}.Release|Any CPU.Build.0 = Release|Any CPU
		{52B32625-515A-404C-876F-7FB700E7A02C}.Debug|Any CPU.ActiveCfg = Debug|Any CPU
		{52B32625-515A-404C-876F-7FB700E7A02C}.Debug|Any CPU.Build.0 = Debug|Any CPU
		{52B32625-515A-404C-876F-7FB700E7A02C}.Release|Any CPU.ActiveCfg = Release|Any CPU
		{52B32625-515A-404C-876F-7FB700E7A02C}.Release|Any CPU.Build.0 = Release|Any CPU
		{218D76C0-47D8-4781-B0FA-ED41C7CE6867}.Debug|Any CPU.ActiveCfg = Debug|Any CPU
		{218D76C0-47D8-4781-B0FA-ED41C7CE6867}.Debug|Any CPU.Build.0 = Debug|Any CPU
		{218D76C0-47D8-4781-B0FA-ED41C7CE6867}.Release|Any CPU.ActiveCfg = Release|Any CPU
		{218D76C0-47D8-4781-B0FA-ED41C7CE6867}.Release|Any CPU.Build.0 = Release|Any CPU
	EndGlobalSection
EndGlobal
